
Microsoft Visual Studio Solution File, Format Version 12.00
# Visual Studio Version 16
VisualStudioVersion = 16.0.30611.23
MinimumVisualStudioVersion = 10.0.40219.1
Project("{FAE04EC0-301F-11D3-BF4B-00C04F79EFBC}") = "EntityFrameworkTest", "EntityFrameworkTest.csproj", "{3ABDE921-8D03-405C-8E4F-6C7ADB00D197}"
EndProject
Global
	GlobalSection(SolutionConfigurationPlatforms) = preSolution
		Debug|Any CPU = Debug|Any CPU
		Release|Any CPU = Release|Any CPU
	EndGlobalSection
	GlobalSection(ProjectConfigurationPlatforms) = postSolution
		{3ABDE921-8D03-405C-8E4F-6C7ADB00D197}.Debug|Any CPU.ActiveCfg = Debug|Any CPU
		{3ABDE921-8D03-405C-8E4F-6C7ADB00D197}.Debug|Any CPU.Build.0 = Debug|Any CPU
		{3ABDE921-8D03-405C-8E4F-6C7ADB00D197}.Release|Any CPU.ActiveCfg = Release|Any CPU
		{3ABDE921-8D03-405C-8E4F-6C7ADB00D197}.Release|Any CPU.Build.0 = Release|Any CPU
	EndGlobalSection
	GlobalSection(SolutionProperties) = preSolution
		HideSolutionNode = FALSE
	EndGlobalSection
	GlobalSection(ExtensibilityGlobals) = postSolution
		SolutionGuid = {8B5FDC6C-D1A8-49AD-B7CF-508E79168B96}
	EndGlobalSection
EndGlobal
